
Microsoft Visual Studio Solution File, Format Version 12.00
# Visual Studio 15
VisualStudioVersion = 15.0.28010.2048
MinimumVisualStudioVersion = 10.0.40219.1
Project("{FAE04EC0-301F-11D3-BF4B-00C04F79EFBC}") = "homeworkOOP1", "homeworkOOP1\homeworkOOP1.csproj", "{D7FBCB1B-7512-4C46-AF61-E825044000A8}"
EndProject
Global
	GlobalSection(SolutionConfigurationPlatforms) = preSolution
		Debug|Any CPU = Debug|Any CPU
		Release|Any CPU = Release|Any CPU
	EndGlobalSection
	GlobalSection(ProjectConfigurationPlatforms) = postSolution
		{D7FBCB1B-7512-4C46-AF61-E825044000A8}.Debug|Any CPU.ActiveCfg = Debug|Any CPU
		{D7FBCB1B-7512-4C46-AF61-E825044000A8}.Debug|Any CPU.Build.0 = Debug|Any CPU
		{D7FBCB1B-7512-4C46-AF61-E825044000A8}.Release|Any CPU.ActiveCfg = Release|Any CPU
		{D7FBCB1B-7512-4C46-AF61-E825044000A8}.Release|Any CPU.Build.0 = Release|Any CPU
	EndGlobalSection
	GlobalSection(SolutionProperties) = preSolution
		HideSolutionNode = FALSE
	EndGlobalSection
	GlobalSection(ExtensibilityGlobals) = postSolution
		SolutionGuid = {EC247190-7936-4B14-A7B5-6872F8F51290}
	EndGlobalSection
EndGlobal
